{
  "name": "@marvinkassabian/dependency-injection",
  "version": "1.0.0",
  "lockfileVersion": 1,
  "requires": true,
  "dependencies": {
    "@marvinkassabian/get-function-arguments": {
      "version": "2.0.0",
      "resolved": "https://registry.npmjs.org/@marvinkassabian/get-function-arguments/-/get-function-arguments-2.0.0.tgz",
      "integrity": "sha512-42GGclBVjlGzHIS6eYRDPN0tPTUNADKi+YNhokp6gW6hiBr5I/OO65O6YhHE+VkWlec0iEJV1YzxVCCEeSzubw=="
    }
  }
}
